{
  "name": "typedoc-format",
  "version": "1.0.22",
  "lockfileVersion": 1,
  "requires": true,
  "dependencies": {
    "fs-i": {
      "version": "1.2.2",
      "resolved": "http://registry.npm.taobao.org/fs-i/download/fs-i-1.2.2.tgz",
      "integrity": "sha1-Vdaf9q+z1q2KWJIE3Jy/E/sUQME="
    },
    "pcreate-config": {
      "version": "1.1.2",
      "resolved": "http://registry.npm.taobao.org/pcreate-config/download/pcreate-config-1.1.2.tgz",
      "integrity": "sha1-3gsrjMhyZethDg2YnhgnhwjODLk=",
      "dev": true
    }
  }
}